
Microsoft Visual Studio Solution File, Format Version 12.00
# Visual Studio 2012
Project("{FAE04EC0-301F-11D3-BF4B-00C04F79EFBC}") = "PickupGameApp", "PickupGameApp\PickupGameApp.csproj", "{EA364D63-B80D-41CC-9E9A-DBFFF5349DFD}"
EndProject
Project("{FAE04EC0-301F-11D3-BF4B-00C04F79EFBC}") = "PickupGameApp.iOS", "iOS\PickupGameApp.iOS.csproj", "{3649E4D1-6FA9-48D0-95E0-7D4F21DC846B}"
EndProject
Project("{FAE04EC0-301F-11D3-BF4B-00C04F79EFBC}") = "PickupGameApp.Droid", "Droid\PickupGameApp.Droid.csproj", "{A7276A7E-94E5-4A4A-BF5F-46C6C2F63BF9}"
EndProject
Global
	GlobalSection(SolutionConfigurationPlatforms) = preSolution
		Debug|Any CPU = Debug|Any CPU
		Release|Any CPU = Release|Any CPU
		Debug|iPhoneSimulator = Debug|iPhoneSimulator
		Release|iPhone = Release|iPhone
		Release|iPhoneSimulator = Release|iPhoneSimulator
		Debug|iPhone = Debug|iPhone
	EndGlobalSection
	GlobalSection(ProjectConfigurationPlatforms) = postSolution
		{EA364D63-B80D-41CC-9E9A-DBFFF5349DFD}.Debug|Any CPU.ActiveCfg = Debug|Any CPU
		{EA364D63-B80D-41CC-9E9A-DBFFF5349DFD}.Debug|Any CPU.Build.0 = Debug|Any CPU
		{EA364D63-B80D-41CC-9E9A-DBFFF5349DFD}.Release|Any CPU.ActiveCfg = Release|Any CPU
		{EA364D63-B80D-41CC-9E9A-DBFFF5349DFD}.Release|Any CPU.Build.0 = Release|Any CPU
		{EA364D63-B80D-41CC-9E9A-DBFFF5349DFD}.Debug|iPhoneSimulator.ActiveCfg = Debug|Any CPU
		{EA364D63-B80D-41CC-9E9A-DBFFF5349DFD}.Debug|iPhoneSimulator.Build.0 = Debug|Any CPU
		{EA364D63-B80D-41CC-9E9A-DBFFF5349DFD}.Release|iPhone.ActiveCfg = Release|Any CPU
		{EA364D63-B80D-41CC-9E9A-DBFFF5349DFD}.Release|iPhone.Build.0 = Release|Any CPU
		{EA364D63-B80D-41CC-9E9A-DBFFF5349DFD}.Release|iPhoneSimulator.ActiveCfg = Release|Any CPU
		{EA364D63-B80D-41CC-9E9A-DBFFF5349DFD}.Release|iPhoneSimulator.Build.0 = Release|Any CPU
		{EA364D63-B80D-41CC-9E9A-DBFFF5349DFD}.Debug|iPhone.ActiveCfg = Debug|Any CPU
		{EA364D63-B80D-41CC-9E9A-DBFFF5349DFD}.Debug|iPhone.Build.0 = Debug|Any CPU
		{3649E4D1-6FA9-48D0-95E0-7D4F21DC846B}.Debug|Any CPU.ActiveCfg = Debug|iPhoneSimulator
		{3649E4D1-6FA9-48D0-95E0-7D4F21DC846B}.Debug|Any CPU.Build.0 = Debug|iPhoneSimulator
		{3649E4D1-6FA9-48D0-95E0-7D4F21DC846B}.Release|Any CPU.ActiveCfg = Release|iPhone
		{3649E4D1-6FA9-48D0-95E0-7D4F21DC846B}.Release|Any CPU.Build.0 = Release|iPhone
		{3649E4D1-6FA9-48D0-95E0-7D4F21DC846B}.Debug|iPhoneSimulator.ActiveCfg = Debug|iPhoneSimulator
		{3649E4D1-6FA9-48D0-95E0-7D4F21DC846B}.Debug|iPhoneSimulator.Build.0 = Debug|iPhoneSimulator
		{3649E4D1-6FA9-48D0-95E0-7D4F21DC846B}.Release|iPhone.ActiveCfg = Release|iPhone
		{3649E4D1-6FA9-48D0-95E0-7D4F21DC846B}.Release|iPhone.Build.0 = Release|iPhone
		{3649E4D1-6FA9-48D0-95E0-7D4F21DC846B}.Release|iPhoneSimulator.ActiveCfg = Release|iPhoneSimulator
		{3649E4D1-6FA9-48D0-95E0-7D4F21DC846B}.Release|iPhoneSimulator.Build.0 = Release|iPhoneSimulator
		{3649E4D1-6FA9-48D0-95E0-7D4F21DC846B}.Debug|iPhone.ActiveCfg = Debug|iPhone
		{3649E4D1-6FA9-48D0-95E0-7D4F21DC846B}.Debug|iPhone.Build.0 = Debug|iPhone
		{A7276A7E-94E5-4A4A-BF5F-46C6C2F63BF9}.Debug|Any CPU.ActiveCfg = Debug|Any CPU
		{A7276A7E-94E5-4A4A-BF5F-46C6C2F63BF9}.Debug|Any CPU.Build.0 = Debug|Any CPU
		{A7276A7E-94E5-4A4A-BF5F-46C6C2F63BF9}.Release|Any CPU.ActiveCfg = Release|Any CPU
		{A7276A7E-94E5-4A4A-BF5F-46C6C2F63BF9}.Release|Any CPU.Build.0 = Release|Any CPU
		{A7276A7E-94E5-4A4A-BF5F-46C6C2F63BF9}.Debug|iPhoneSimulator.ActiveCfg = Debug|Any CPU
		{A7276A7E-94E5-4A4A-BF5F-46C6C2F63BF9}.Debug|iPhoneSimulator.Build.0 = Debug|Any CPU
		{A7276A7E-94E5-4A4A-BF5F-46C6C2F63BF9}.Release|iPhone.ActiveCfg = Release|Any CPU
		{A7276A7E-94E5-4A4A-BF5F-46C6C2F63BF9}.Release|iPhone.Build.0 = Release|Any CPU
		{A7276A7E-94E5-4A4A-BF5F-46C6C2F63BF9}.Release|iPhoneSimulator.ActiveCfg = Release|Any CPU
		{A7276A7E-94E5-4A4A-BF5F-46C6C2F63BF9}.Release|iPhoneSimulator.Build.0 = Release|Any CPU
		{A7276A7E-94E5-4A4A-BF5F-46C6C2F63BF9}.Debug|iPhone.ActiveCfg = Debug|Any CPU
		{A7276A7E-94E5-4A4A-BF5F-46C6C2F63BF9}.Debug|iPhone.Build.0 = Debug|Any CPU
	EndGlobalSection
EndGlobal
